// !$*UTF8*$!
{
	archiveVersion = 1;
	classes = {
	};
	objectVersion = 46;
	objects = {

/* Begin PBXBuildFile section */
		9B13854217C5BEB4003CB45E /* BRGHCommit.m in Sources */ = {isa = PBXBuildFile; fileRef = 9B13854117C5BEB4003CB45E /* BRGHCommit.m */; };
		9B13854317C5BEB4003CB45E /* BRGHCommit.m in Sources */ = {isa = PBXBuildFile; fileRef = 9B13854117C5BEB4003CB45E /* BRGHCommit.m */; };
		9B13854617C5BEB5003CB45E /* BRGHUser.m in Sources */ = {isa = PBXBuildFile; fileRef = 9B13854517C5BEB5003CB45E /* BRGHUser.m */; };
		9B13854717C5BEB5003CB45E /* BRGHUser.m in Sources */ = {isa = PBXBuildFile; fileRef = 9B13854517C5BEB5003CB45E /* BRGHUser.m */; };
		9B1F6A6617C0560100813AF5 /* Foundation.framework in Frameworks */ = {isa = PBXBuildFile; fileRef = 9B1F6A6517C0560100813AF5 /* Foundation.framework */; };
		9B1F6A6817C0560100813AF5 /* CoreGraphics.framework in Frameworks */ = {isa = PBXBuildFile; fileRef = 9B1F6A6717C0560100813AF5 /* CoreGraphics.framework */; };
		9B1F6A6A17C0560100813AF5 /* UIKit.framework in Frameworks */ = {isa = PBXBuildFile; fileRef = 9B1F6A6917C0560100813AF5 /* UIKit.framework */; };
		9B1F6A7017C0560100813AF5 /* InfoPlist.strings in Resources */ = {isa = PBXBuildFile; fileRef = 9B1F6A6E17C0560100813AF5 /* InfoPlist.strings */; };
		9B1F6A7217C0560100813AF5 /* main.m in Sources */ = {isa = PBXBuildFile; fileRef = 9B1F6A7117C0560100813AF5 /* main.m */; };
		9B1F6A7617C0560100813AF5 /* BRAppDelegate.m in Sources */ = {isa = PBXBuildFile; fileRef = 9B1F6A7517C0560100813AF5 /* BRAppDelegate.m */; };
		9B1F6A7917C0560100813AF5 /* Main.storyboard in Resources */ = {isa = PBXBuildFile; fileRef = 9B1F6A7717C0560100813AF5 /* Main.storyboard */; };
		9B1F6A7E17C0560100813AF5 /* Images.xcassets in Resources */ = {isa = PBXBuildFile; fileRef = 9B1F6A7D17C0560100813AF5 /* Images.xcassets */; };
		9B1F6A8517C0560100813AF5 /* XCTest.framework in Frameworks */ = {isa = PBXBuildFile; fileRef = 9B1F6A8417C0560100813AF5 /* XCTest.framework */; };
		9B1F6A8617C0560100813AF5 /* Foundation.framework in Frameworks */ = {isa = PBXBuildFile; fileRef = 9B1F6A6517C0560100813AF5 /* Foundation.framework */; };
		9B1F6A8717C0560100813AF5 /* UIKit.framework in Frameworks */ = {isa = PBXBuildFile; fileRef = 9B1F6A6917C0560100813AF5 /* UIKit.framework */; };
		9B1F6A8F17C0560100813AF5 /* InfoPlist.strings in Resources */ = {isa = PBXBuildFile; fileRef = 9B1F6A8D17C0560100813AF5 /* InfoPlist.strings */; };
		9B1F6A9117C0560100813AF5 /* GitHubReaderTests.m in Sources */ = {isa = PBXBuildFile; fileRef = 9B1F6A9017C0560100813AF5 /* GitHubReaderTests.m */; };
		9B1F6AA117C058AB00813AF5 /* fishhook.c in Sources */ = {isa = PBXBuildFile; fileRef = 9B1F6A9C17C058AB00813AF5 /* fishhook.c */; };
		9B1F6AA217C058AB00813AF5 /* fishhook.c in Sources */ = {isa = PBXBuildFile; fileRef = 9B1F6A9C17C058AB00813AF5 /* fishhook.c */; };
		9B1F6AA317C058AB00813AF5 /* LICENSE in Resources */ = {isa = PBXBuildFile; fileRef = 9B1F6A9E17C058AB00813AF5 /* LICENSE */; };
		9B1F6AA417C058AB00813AF5 /* LICENSE in Resources */ = {isa = PBXBuildFile; fileRef = 9B1F6A9E17C058AB00813AF5 /* LICENSE */; };
		9B1F6AA517C058AB00813AF5 /* QuietAssertMacros.c in Sources */ = {isa = PBXBuildFile; fileRef = 9B1F6A9F17C058AB00813AF5 /* QuietAssertMacros.c */; };
		9B1F6AA617C058AB00813AF5 /* QuietAssertMacros.c in Sources */ = {isa = PBXBuildFile; fileRef = 9B1F6A9F17C058AB00813AF5 /* QuietAssertMacros.c */; };
		9B1F6AA717C058AB00813AF5 /* README.md in Resources */ = {isa = PBXBuildFile; fileRef = 9B1F6AA017C058AB00813AF5 /* README.md */; };
		9B1F6AA817C058AB00813AF5 /* README.md in Resources */ = {isa = PBXBuildFile; fileRef = 9B1F6AA017C058AB00813AF5 /* README.md */; };
		9B1F6AAC17C0632400813AF5 /* BRLoginViewController.m in Sources */ = {isa = PBXBuildFile; fileRef = 9B1F6AAB17C0632400813AF5 /* BRLoginViewController.m */; };
		9B1F6AAD17C0632400813AF5 /* BRLoginViewController.m in Sources */ = {isa = PBXBuildFile; fileRef = 9B1F6AAB17C0632400813AF5 /* BRLoginViewController.m */; };
		9B1F6AC117C0666B00813AF5 /* BRUserService.m in Sources */ = {isa = PBXBuildFile; fileRef = 9B1F6ABE17C0666B00813AF5 /* BRUserService.m */; };
		9B1F6AC217C0666B00813AF5 /* BRUserService.m in Sources */ = {isa = PBXBuildFile; fileRef = 9B1F6ABE17C0666B00813AF5 /* BRUserService.m */; };
		9B1F6AC617C06C0A00813AF5 /* NSData+Base64.m in Sources */ = {isa = PBXBuildFile; fileRef = 9B1F6AC517C06C0A00813AF5 /* NSData+Base64.m */; };
		9B1F6AC717C06C0A00813AF5 /* NSData+Base64.m in Sources */ = {isa = PBXBuildFile; fileRef = 9B1F6AC517C06C0A00813AF5 /* NSData+Base64.m */; };
		9B1F6ACA17C06CB200813AF5 /* BRBasicAuthenticationService.m in Sources */ = {isa = PBXBuildFile; fileRef = 9B1F6AC917C06CB200813AF5 /* BRBasicAuthenticationService.m */; };
		9B1F6ACB17C06CB200813AF5 /* BRBasicAuthenticationService.m in Sources */ = {isa = PBXBuildFile; fileRef = 9B1F6AC917C06CB200813AF5 /* BRBasicAuthenticationService.m */; };
		9B1F6AD717C07EBE00813AF5 /* BRLoginService.m in Sources */ = {isa = PBXBuildFile; fileRef = 9B1F6AD617C07EBE00813AF5 /* BRLoginService.m */; };
		9B1F6AD817C07EBE00813AF5 /* BRLoginService.m in Sources */ = {isa = PBXBuildFile; fileRef = 9B1F6AD617C07EBE00813AF5 /* BRLoginService.m */; };
		9B1F6ADB17C0918600813AF5 /* UIColor+Helpers.m in Sources */ = {isa = PBXBuildFile; fileRef = 9B1F6ADA17C0918600813AF5 /* UIColor+Helpers.m */; };
		9B1F6ADC17C0918600813AF5 /* UIColor+Helpers.m in Sources */ = {isa = PBXBuildFile; fileRef = 9B1F6ADA17C0918600813AF5 /* UIColor+Helpers.m */; };
		9B1F6AE317C09CEE00813AF5 /* GitHubReader.xcdatamodeld in Sources */ = {isa = PBXBuildFile; fileRef = 9B1F6AE117C09CEE00813AF5 /* GitHubReader.xcdatamodeld */; };
		9B1F6AE417C09CEE00813AF5 /* GitHubReader.xcdatamodeld in Sources */ = {isa = PBXBuildFile; fileRef = 9B1F6AE117C09CEE00813AF5 /* GitHubReader.xcdatamodeld */; };
		9B1F6B4917C0A6F900813AF5 /* BRModelManager.m in Sources */ = {isa = PBXBuildFile; fileRef = 9B1F6B4817C0A6F800813AF5 /* BRModelManager.m */; };
		9B1F6B4A17C0A6F900813AF5 /* BRModelManager.m in Sources */ = {isa = PBXBuildFile; fileRef = 9B1F6B4817C0A6F800813AF5 /* BRModelManager.m */; };
		9B1F6B4D17C0A7C000813AF5 /* CoreData.framework in Frameworks */ = {isa = PBXBuildFile; fileRef = 9B1F6B4C17C0A7C000813AF5 /* CoreData.framework */; };
		9B1F6B7817C0B12D00813AF5 /* NSDictionary+valueOrDefault.m in Sources */ = {isa = PBXBuildFile; fileRef = 9B1F6B7717C0B12D00813AF5 /* NSDictionary+valueOrDefault.m */; };
		9B1F6B7917C0B12D00813AF5 /* NSDictionary+valueOrDefault.m in Sources */ = {isa = PBXBuildFile; fileRef = 9B1F6B7717C0B12D00813AF5 /* NSDictionary+valueOrDefault.m */; };
		9B1F6B9817C1D07400813AF5 /* BROrganizationsViewController.m in Sources */ = {isa = PBXBuildFile; fileRef = 9B1F6B9717C1D07400813AF5 /* BROrganizationsViewController.m */; };
		9B1F6B9917C1D07400813AF5 /* BROrganizationsViewController.m in Sources */ = {isa = PBXBuildFile; fileRef = 9B1F6B9717C1D07400813AF5 /* BROrganizationsViewController.m */; };
		9B1F6B9C17C1D62900813AF5 /* BROrganizationService.m in Sources */ = {isa = PBXBuildFile; fileRef = 9B1F6B9B17C1D62900813AF5 /* BROrganizationService.m */; };
		9B1F6B9D17C1D62900813AF5 /* BROrganizationService.m in Sources */ = {isa = PBXBuildFile; fileRef = 9B1F6B9B17C1D62900813AF5 /* BROrganizationService.m */; };
		9B1F6BA017C1D69300813AF5 /* BRGitHubApiService.m in Sources */ = {isa = PBXBuildFile; fileRef = 9B1F6B9F17C1D69300813AF5 /* BRGitHubApiService.m */; };
		9B1F6BA117C1D69300813AF5 /* BRGitHubApiService.m in Sources */ = {isa = PBXBuildFile; fileRef = 9B1F6B9F17C1D69300813AF5 /* BRGitHubApiService.m */; };
		9B1F6BA417C1DD6100813AF5 /* BRRemoteService.m in Sources */ = {isa = PBXBuildFile; fileRef = 9B1F6BA317C1DD6100813AF5 /* BRRemoteService.m */; };
		9B1F6BA517C1DD6100813AF5 /* BRRemoteService.m in Sources */ = {isa = PBXBuildFile; fileRef = 9B1F6BA317C1DD6100813AF5 /* BRRemoteService.m */; };
		9B1F6BA817C1E12200813AF5 /* BRLogin.m in Sources */ = {isa = PBXBuildFile; fileRef = 9B1F6BA717C1E12200813AF5 /* BRLogin.m */; };
		9B1F6BA917C1E12200813AF5 /* BRLogin.m in Sources */ = {isa = PBXBuildFile; fileRef = 9B1F6BA717C1E12200813AF5 /* BRLogin.m */; };
		9B40717417C3009300A7B98E /* BRGravatarService.m in Sources */ = {isa = PBXBuildFile; fileRef = 9B40717317C3009300A7B98E /* BRGravatarService.m */; };
		9B40717517C3009300A7B98E /* BRGravatarService.m in Sources */ = {isa = PBXBuildFile; fileRef = 9B40717317C3009300A7B98E /* BRGravatarService.m */; };
		9B6B92A217C73D5400FFEEEB /* UITableViewCell+activity.m in Sources */ = {isa = PBXBuildFile; fileRef = 9B6B92A117C73D5400FFEEEB /* UITableViewCell+activity.m */; };
		9B6B92A317C73D5400FFEEEB /* UITableViewCell+activity.m in Sources */ = {isa = PBXBuildFile; fileRef = 9B6B92A117C73D5400FFEEEB /* UITableViewCell+activity.m */; };
		9BC8503517C349D500AE502D /* BRRepositoriesViewController.m in Sources */ = {isa = PBXBuildFile; fileRef = 9BC8503417C349D500AE502D /* BRRepositoriesViewController.m */; };
		9BC8503617C349D500AE502D /* BRRepositoriesViewController.m in Sources */ = {isa = PBXBuildFile; fileRef = 9BC8503417C349D500AE502D /* BRRepositoriesViewController.m */; };
		9BC8503917C34ADA00AE502D /* BRRepositoriesService.m in Sources */ = {isa = PBXBuildFile; fileRef = 9BC8503817C34ADA00AE502D /* BRRepositoriesService.m */; };
		9BC8503A17C34ADA00AE502D /* BRRepositoriesService.m in Sources */ = {isa = PBXBuildFile; fileRef = 9BC8503817C34ADA00AE502D /* BRRepositoriesService.m */; };
		9BC8503F17C3C8A300AE502D /* BRBasicFetchedResultControllerDelegate.m in Sources */ = {isa = PBXBuildFile; fileRef = 9BC8503E17C3C8A300AE502D /* BRBasicFetchedResultControllerDelegate.m */; };
		9BC8504017C3C8A300AE502D /* BRBasicFetchedResultControllerDelegate.m in Sources */ = {isa = PBXBuildFile; fileRef = 9BC8503E17C3C8A300AE502D /* BRBasicFetchedResultControllerDelegate.m */; };
		9BEA42B817C44B9F009AD0B2 /* BRBranchService.m in Sources */ = {isa = PBXBuildFile; fileRef = 9BEA42B717C44B9F009AD0B2 /* BRBranchService.m */; };
		9BEA42B917C44B9F009AD0B2 /* BRBranchService.m in Sources */ = {isa = PBXBuildFile; fileRef = 9BEA42B717C44B9F009AD0B2 /* BRBranchService.m */; };
		9BEA42C417C46C1D009AD0B2 /* BRBranchesViewController.m in Sources */ = {isa = PBXBuildFile; fileRef = 9BEA42C317C46C1D009AD0B2 /* BRBranchesViewController.m */; };
		9BEA42C517C46C1D009AD0B2 /* BRBranchesViewController.m in Sources */ = {isa = PBXBuildFile; fileRef = 9BEA42C317C46C1D009AD0B2 /* BRBranchesViewController.m */; };
		9BEA42D417C47BD4009AD0B2 /* BRCommitsService.m in Sources */ = {isa = PBXBuildFile; fileRef = 9BEA42D317C47BD4009AD0B2 /* BRCommitsService.m */; };
		9BEA42D517C47BD4009AD0B2 /* BRCommitsService.m in Sources */ = {isa = PBXBuildFile; fileRef = 9BEA42D317C47BD4009AD0B2 /* BRCommitsService.m */; };
		9BEA42D817C47E62009AD0B2 /* NSDictionary+join.m in Sources */ = {isa = PBXBuildFile; fileRef = 9BEA42D717C47E62009AD0B2 /* NSDictionary+join.m */; };
		9BEA42D917C47E62009AD0B2 /* NSDictionary+join.m in Sources */ = {isa = PBXBuildFile; fileRef = 9BEA42D717C47E62009AD0B2 /* NSDictionary+join.m */; };
		9BEA42E417C48CC7009AD0B2 /* BRCommitsViewController.m in Sources */ = {isa = PBXBuildFile; fileRef = 9BEA42E317C48CC7009AD0B2 /* BRCommitsViewController.m */; };
		9BEA42E517C48CC7009AD0B2 /* BRCommitsViewController.m in Sources */ = {isa = PBXBuildFile; fileRef = 9BEA42E317C48CC7009AD0B2 /* BRCommitsViewController.m */; };
		9BF70C4D17C4A042009EEB09 /* BRGHBranch.m in Sources */ = {isa = PBXBuildFile; fileRef = 9BF70C4C17C4A042009EEB09 /* BRGHBranch.m */; };
		9BF70C4E17C4A042009EEB09 /* BRGHBranch.m in Sources */ = {isa = PBXBuildFile; fileRef = 9BF70C4C17C4A042009EEB09 /* BRGHBranch.m */; };
		9BF70C5517C4A043009EEB09 /* BRGHLogin.m in Sources */ = {isa = PBXBuildFile; fileRef = 9BF70C5417C4A043009EEB09 /* BRGHLogin.m */; };
		9BF70C5617C4A043009EEB09 /* BRGHLogin.m in Sources */ = {isa = PBXBuildFile; fileRef = 9BF70C5417C4A043009EEB09 /* BRGHLogin.m */; };
		9BF70C5917C4A043009EEB09 /* BRGHOrganization.m in Sources */ = {isa = PBXBuildFile; fileRef = 9BF70C5817C4A043009EEB09 /* BRGHOrganization.m */; };
		9BF70C5A17C4A043009EEB09 /* BRGHOrganization.m in Sources */ = {isa = PBXBuildFile; fileRef = 9BF70C5817C4A043009EEB09 /* BRGHOrganization.m */; };
		9BF70C5D17C4A043009EEB09 /* BRGHRepository.m in Sources */ = {isa = PBXBuildFile; fileRef = 9BF70C5C17C4A043009EEB09 /* BRGHRepository.m */; };
		9BF70C5E17C4A043009EEB09 /* BRGHRepository.m in Sources */ = {isa = PBXBuildFile; fileRef = 9BF70C5C17C4A043009EEB09 /* BRGHRepository.m */; };
/* End PBXBuildFile section */

/* Begin PBXContainerItemProxy section */
		9B1F6A8817C0560100813AF5 /* PBXContainerItemProxy */ = {
			isa = PBXContainerItemProxy;
			containerPortal = 9B1F6A5A17C0560000813AF5 /* Project object */;
			proxyType = 1;
			remoteGlobalIDString = 9B1F6A6117C0560100813AF5;
			remoteInfo = GitHubReader;
		};
/* End PBXContainerItemProxy section */

/* Begin PBXFileReference section */
		9B13854017C5BEB4003CB45E /* BRGHCommit.h */ = {isa = PBXFileReference; fileEncoding = 4; lastKnownFileType = sourcecode.c.h; path = BRGHCommit.h; sourceTree = "<group>"; };
		9B13854117C5BEB4003CB45E /* BRGHCommit.m */ = {isa = PBXFileReference; fileEncoding = 4; lastKnownFileType = sourcecode.c.objc; path = BRGHCommit.m; sourceTree = "<group>"; };
		9B13854417C5BEB5003CB45E /* BRGHUser.h */ = {isa = PBXFileReference; fileEncoding = 4; lastKnownFileType = sourcecode.c.h; path = BRGHUser.h; sourceTree = "<group>"; };
		9B13854517C5BEB5003CB45E /* BRGHUser.m */ = {isa = PBXFileReference; fileEncoding = 4; lastKnownFileType = sourcecode.c.objc; path = BRGHUser.m; sourceTree = "<group>"; };
		9B1F6A6217C0560100813AF5 /* GitHubReader.app */ = {isa = PBXFileReference; explicitFileType = wrapper.application; includeInIndex = 0; path = GitHubReader.app; sourceTree = BUILT_PRODUCTS_DIR; };
		9B1F6A6517C0560100813AF5 /* Foundation.framework */ = {isa = PBXFileReference; lastKnownFileType = wrapper.framework; name = Foundation.framework; path = System/Library/Frameworks/Foundation.framework; sourceTree = SDKROOT; };
		9B1F6A6717C0560100813AF5 /* CoreGraphics.framework */ = {isa = PBXFileReference; lastKnownFileType = wrapper.framework; name = CoreGraphics.framework; path = System/Library/Frameworks/CoreGraphics.framework; sourceTree = SDKROOT; };
		9B1F6A6917C0560100813AF5 /* UIKit.framework */ = {isa = PBXFileReference; lastKnownFileType = wrapper.framework; name = UIKit.framework; path = System/Library/Frameworks/UIKit.framework; sourceTree = SDKROOT; };
		9B1F6A6D17C0560100813AF5 /* GitHubReader-Info.plist */ = {isa = PBXFileReference; lastKnownFileType = text.plist.xml; path = "GitHubReader-Info.plist"; sourceTree = "<group>"; };
		9B1F6A6F17C0560100813AF5 /* en */ = {isa = PBXFileReference; lastKnownFileType = text.plist.strings; name = en; path = en.lproj/InfoPlist.strings; sourceTree = "<group>"; };
		9B1F6A7117C0560100813AF5 /* main.m */ = {isa = PBXFileReference; lastKnownFileType = sourcecode.c.objc; path = main.m; sourceTree = "<group>"; };
		9B1F6A7317C0560100813AF5 /* GitHubReader-Prefix.pch */ = {isa = PBXFileReference; lastKnownFileType = sourcecode.c.h; path = "GitHubReader-Prefix.pch"; sourceTree = "<group>"; };
		9B1F6A7417C0560100813AF5 /* BRAppDelegate.h */ = {isa = PBXFileReference; lastKnownFileType = sourcecode.c.h; path = BRAppDelegate.h; sourceTree = "<group>"; };
		9B1F6A7517C0560100813AF5 /* BRAppDelegate.m */ = {isa = PBXFileReference; lastKnownFileType = sourcecode.c.objc; path = BRAppDelegate.m; sourceTree = "<group>"; };
		9B1F6A7817C0560100813AF5 /* Base */ = {isa = PBXFileReference; lastKnownFileType = file.storyboard; name = Base; path = Base.lproj/Main.storyboard; sourceTree = "<group>"; };
		9B1F6A7D17C0560100813AF5 /* Images.xcassets */ = {isa = PBXFileReference; lastKnownFileType = folder.assetcatalog; path = Images.xcassets; sourceTree = "<group>"; };
		9B1F6A8317C0560100813AF5 /* GitHubReaderTests.xctest */ = {isa = PBXFileReference; explicitFileType = wrapper.cfbundle; includeInIndex = 0; path = GitHubReaderTests.xctest; sourceTree = BUILT_PRODUCTS_DIR; };
		9B1F6A8417C0560100813AF5 /* XCTest.framework */ = {isa = PBXFileReference; lastKnownFileType = wrapper.framework; name = XCTest.framework; path = Library/Frameworks/XCTest.framework; sourceTree = DEVELOPER_DIR; };
		9B1F6A8C17C0560100813AF5 /* GitHubReaderTests-Info.plist */ = {isa = PBXFileReference; lastKnownFileType = text.plist.xml; path = "GitHubReaderTests-Info.plist"; sourceTree = "<group>"; };
		9B1F6A8E17C0560100813AF5 /* en */ = {isa = PBXFileReference; lastKnownFileType = text.plist.strings; name = en; path = en.lproj/InfoPlist.strings; sourceTree = "<group>"; };
		9B1F6A9017C0560100813AF5 /* GitHubReaderTests.m */ = {isa = PBXFileReference; lastKnownFileType = sourcecode.c.objc; path = GitHubReaderTests.m; sourceTree = "<group>"; };
		9B1F6A9C17C058AB00813AF5 /* fishhook.c */ = {isa = PBXFileReference; fileEncoding = 4; lastKnownFileType = sourcecode.c.c; path = fishhook.c; sourceTree = "<group>"; };
		9B1F6A9D17C058AB00813AF5 /* fishhook.h */ = {isa = PBXFileReference; fileEncoding = 4; lastKnownFileType = sourcecode.c.h; path = fishhook.h; sourceTree = "<group>"; };
		9B1F6A9E17C058AB00813AF5 /* LICENSE */ = {isa = PBXFileReference; fileEncoding = 4; lastKnownFileType = text; path = LICENSE; sourceTree = "<group>"; };
		9B1F6A9F17C058AB00813AF5 /* QuietAssertMacros.c */ = {isa = PBXFileReference; fileEncoding = 4; lastKnownFileType = sourcecode.c.c; path = QuietAssertMacros.c; sourceTree = "<group>"; };
		9B1F6AA017C058AB00813AF5 /* README.md */ = {isa = PBXFileReference; fileEncoding = 4; lastKnownFileType = text; path = README.md; sourceTree = "<group>"; };
		9B1F6AAA17C0632400813AF5 /* BRLoginViewController.h */ = {isa = PBXFileReference; fileEncoding = 4; lastKnownFileType = sourcecode.c.h; path = BRLoginViewController.h; sourceTree = "<group>"; };
		9B1F6AAB17C0632400813AF5 /* BRLoginViewController.m */ = {isa = PBXFileReference; fileEncoding = 4; lastKnownFileType = sourcecode.c.objc; path = BRLoginViewController.m; sourceTree = "<group>"; };
		9B1F6ABD17C0666B00813AF5 /* BRUserService.h */ = {isa = PBXFileReference; fileEncoding = 4; lastKnownFileType = sourcecode.c.h; path = BRUserService.h; sourceTree = "<group>"; };
		9B1F6ABE17C0666B00813AF5 /* BRUserService.m */ = {isa = PBXFileReference; fileEncoding = 4; lastKnownFileType = sourcecode.c.objc; path = BRUserService.m; sourceTree = "<group>"; };
		9B1F6AC417C06C0A00813AF5 /* NSData+Base64.h */ = {isa = PBXFileReference; fileEncoding = 4; lastKnownFileType = sourcecode.c.h; path = "NSData+Base64.h"; sourceTree = "<group>"; };
		9B1F6AC517C06C0A00813AF5 /* NSData+Base64.m */ = {isa = PBXFileReference; fileEncoding = 4; lastKnownFileType = sourcecode.c.objc; path = "NSData+Base64.m"; sourceTree = "<group>"; };
		9B1F6AC817C06CB200813AF5 /* BRBasicAuthenticationService.h */ = {isa = PBXFileReference; fileEncoding = 4; lastKnownFileType = sourcecode.c.h; path = BRBasicAuthenticationService.h; sourceTree = "<group>"; };
		9B1F6AC917C06CB200813AF5 /* BRBasicAuthenticationService.m */ = {isa = PBXFileReference; fileEncoding = 4; lastKnownFileType = sourcecode.c.objc; path = BRBasicAuthenticationService.m; sourceTree = "<group>"; };
		9B1F6AD517C07EBE00813AF5 /* BRLoginService.h */ = {isa = PBXFileReference; fileEncoding = 4; lastKnownFileType = sourcecode.c.h; path = BRLoginService.h; sourceTree = "<group>"; };
		9B1F6AD617C07EBE00813AF5 /* BRLoginService.m */ = {isa = PBXFileReference; fileEncoding = 4; lastKnownFileType = sourcecode.c.objc; path = BRLoginService.m; sourceTree = "<group>"; };
		9B1F6AD917C0918600813AF5 /* UIColor+Helpers.h */ = {isa = PBXFileReference; fileEncoding = 4; lastKnownFileType = sourcecode.c.h; path = "UIColor+Helpers.h"; sourceTree = "<group>"; };
		9B1F6ADA17C0918600813AF5 /* UIColor+Helpers.m */ = {isa = PBXFileReference; fileEncoding = 4; lastKnownFileType = sourcecode.c.objc; path = "UIColor+Helpers.m"; sourceTree = "<group>"; };
		9B1F6AE217C09CEE00813AF5 /* GitHubReader.xcdatamodel */ = {isa = PBXFileReference; lastKnownFileType = wrapper.xcdatamodel; path = GitHubReader.xcdatamodel; sourceTree = "<group>"; };
		9B1F6B4717C0A6F800813AF5 /* BRModelManager.h */ = {isa = PBXFileReference; fileEncoding = 4; lastKnownFileType = sourcecode.c.h; path = BRModelManager.h; sourceTree = "<group>"; };
		9B1F6B4817C0A6F800813AF5 /* BRModelManager.m */ = {isa = PBXFileReference; fileEncoding = 4; lastKnownFileType = sourcecode.c.objc; path = BRModelManager.m; sourceTree = "<group>"; };
		9B1F6B4B17C0A70C00813AF5 /* BRModel.h */ = {isa = PBXFileReference; fileEncoding = 4; lastKnownFileType = sourcecode.c.h; path = BRModel.h; sourceTree = "<group>"; };
		9B1F6B4C17C0A7C000813AF5 /* CoreData.framework */ = {isa = PBXFileReference; lastKnownFileType = wrapper.framework; name = CoreData.framework; path = System/Library/Frameworks/CoreData.framework; sourceTree = SDKROOT; };
		9B1F6B7617C0B12D00813AF5 /* NSDictionary+valueOrDefault.h */ = {isa = PBXFileReference; fileEncoding = 4; lastKnownFileType = sourcecode.c.h; path = "NSDictionary+valueOrDefault.h"; sourceTree = "<group>"; };
		9B1F6B7717C0B12D00813AF5 /* NSDictionary+valueOrDefault.m */ = {isa = PBXFileReference; fileEncoding = 4; lastKnownFileType = sourcecode.c.objc; path = "NSDictionary+valueOrDefault.m"; sourceTree = "<group>"; };
		9B1F6B9617C1D07400813AF5 /* BROrganizationsViewController.h */ = {isa = PBXFileReference; fileEncoding = 4; lastKnownFileType = sourcecode.c.h; path = BROrganizationsViewController.h; sourceTree = "<group>"; };
		9B1F6B9717C1D07400813AF5 /* BROrganizationsViewController.m */ = {isa = PBXFileReference; fileEncoding = 4; lastKnownFileType = sourcecode.c.objc; path = BROrganizationsViewController.m; sourceTree = "<group>"; };
		9B1F6B9A17C1D62900813AF5 /* BROrganizationService.h */ = {isa = PBXFileReference; fileEncoding = 4; lastKnownFileType = sourcecode.c.h; path = BROrganizationService.h; sourceTree = "<group>"; };
		9B1F6B9B17C1D62900813AF5 /* BROrganizationService.m */ = {isa = PBXFileReference; fileEncoding = 4; lastKnownFileType = sourcecode.c.objc; path = BROrganizationService.m; sourceTree = "<group>"; };
		9B1F6B9E17C1D69300813AF5 /* BRGitHubApiService.h */ = {isa = PBXFileReference; fileEncoding = 4; lastKnownFileType = sourcecode.c.h; path = BRGitHubApiService.h; sourceTree = "<group>"; };
		9B1F6B9F17C1D69300813AF5 /* BRGitHubApiService.m */ = {isa = PBXFileReference; fileEncoding = 4; lastKnownFileType = sourcecode.c.objc; path = BRGitHubApiService.m; sourceTree = "<group>"; };
		9B1F6BA217C1DD6100813AF5 /* BRRemoteService.h */ = {isa = PBXFileReference; fileEncoding = 4; lastKnownFileType = sourcecode.c.h; path = BRRemoteService.h; sourceTree = "<group>"; };
		9B1F6BA317C1DD6100813AF5 /* BRRemoteService.m */ = {isa = PBXFileReference; fileEncoding = 4; lastKnownFileType = sourcecode.c.objc; path = BRRemoteService.m; sourceTree = "<group>"; };
		9B1F6BA617C1E12200813AF5 /* BRLogin.h */ = {isa = PBXFileReference; fileEncoding = 4; lastKnownFileType = sourcecode.c.h; path = BRLogin.h; sourceTree = "<group>"; };
		9B1F6BA717C1E12200813AF5 /* BRLogin.m */ = {isa = PBXFileReference; fileEncoding = 4; lastKnownFileType = sourcecode.c.objc; path = BRLogin.m; sourceTree = "<group>"; };
		9B40717217C3009300A7B98E /* BRGravatarService.h */ = {isa = PBXFileReference; fileEncoding = 4; lastKnownFileType = sourcecode.c.h; path = BRGravatarService.h; sourceTree = "<group>"; };
		9B40717317C3009300A7B98E /* BRGravatarService.m */ = {isa = PBXFileReference; fileEncoding = 4; lastKnownFileType = sourcecode.c.objc; path = BRGravatarService.m; sourceTree = "<group>"; };
		9B6B92A017C73D5400FFEEEB /* UITableViewCell+activity.h */ = {isa = PBXFileReference; fileEncoding = 4; lastKnownFileType = sourcecode.c.h; path = "UITableViewCell+activity.h"; sourceTree = "<group>"; };
		9B6B92A117C73D5400FFEEEB /* UITableViewCell+activity.m */ = {isa = PBXFileReference; fileEncoding = 4; lastKnownFileType = sourcecode.c.objc; path = "UITableViewCell+activity.m"; sourceTree = "<group>"; };
		9BC8503317C349D500AE502D /* BRRepositoriesViewController.h */ = {isa = PBXFileReference; fileEncoding = 4; lastKnownFileType = sourcecode.c.h; path = BRRepositoriesViewController.h; sourceTree = "<group>"; };
		9BC8503417C349D500AE502D /* BRRepositoriesViewController.m */ = {isa = PBXFileReference; fileEncoding = 4; lastKnownFileType = sourcecode.c.objc; path = BRRepositoriesViewController.m; sourceTree = "<group>"; };
		9BC8503717C34ADA00AE502D /* BRRepositoriesService.h */ = {isa = PBXFileReference; fileEncoding = 4; lastKnownFileType = sourcecode.c.h; path = BRRepositoriesService.h; sourceTree = "<group>"; };
		9BC8503817C34ADA00AE502D /* BRRepositoriesService.m */ = {isa = PBXFileReference; fileEncoding = 4; lastKnownFileType = sourcecode.c.objc; path = BRRepositoriesService.m; sourceTree = "<group>"; };
		9BC8503D17C3C8A300AE502D /* BRBasicFetchedResultControllerDelegate.h */ = {isa = PBXFileReference; fileEncoding = 4; lastKnownFileType = sourcecode.c.h; path = BRBasicFetchedResultControllerDelegate.h; sourceTree = "<group>"; };
		9BC8503E17C3C8A300AE502D /* BRBasicFetchedResultControllerDelegate.m */ = {isa = PBXFileReference; fileEncoding = 4; lastKnownFileType = sourcecode.c.objc; path = BRBasicFetchedResultControllerDelegate.m; sourceTree = "<group>"; };
		9BEA42B617C44B9F009AD0B2 /* BRBranchService.h */ = {isa = PBXFileReference; fileEncoding = 4; lastKnownFileType = sourcecode.c.h; path = BRBranchService.h; sourceTree = "<group>"; };
		9BEA42B717C44B9F009AD0B2 /* BRBranchService.m */ = {isa = PBXFileReference; fileEncoding = 4; lastKnownFileType = sourcecode.c.objc; path = BRBranchService.m; sourceTree = "<group>"; };
		9BEA42C217C46C1D009AD0B2 /* BRBranchesViewController.h */ = {isa = PBXFileReference; fileEncoding = 4; lastKnownFileType = sourcecode.c.h; path = BRBranchesViewController.h; sourceTree = "<group>"; };
		9BEA42C317C46C1D009AD0B2 /* BRBranchesViewController.m */ = {isa = PBXFileReference; fileEncoding = 4; lastKnownFileType = sourcecode.c.objc; path = BRBranchesViewController.m; sourceTree = "<group>"; };
		9BEA42D217C47BD4009AD0B2 /* BRCommitsService.h */ = {isa = PBXFileReference; fileEncoding = 4; lastKnownFileType = sourcecode.c.h; path = BRCommitsService.h; sourceTree = "<group>"; };
		9BEA42D317C47BD4009AD0B2 /* BRCommitsService.m */ = {isa = PBXFileReference; fileEncoding = 4; lastKnownFileType = sourcecode.c.objc; path = BRCommitsService.m; sourceTree = "<group>"; };
		9BEA42D617C47E62009AD0B2 /* NSDictionary+join.h */ = {isa = PBXFileReference; fileEncoding = 4; lastKnownFileType = sourcecode.c.h; path = "NSDictionary+join.h"; sourceTree = "<group>"; };
		9BEA42D717C47E62009AD0B2 /* NSDictionary+join.m */ = {isa = PBXFileReference; fileEncoding = 4; lastKnownFileType = sourcecode.c.objc; path = "NSDictionary+join.m"; sourceTree = "<group>"; };
		9BEA42E217C48CC7009AD0B2 /* BRCommitsViewController.h */ = {isa = PBXFileReference; fileEncoding = 4; lastKnownFileType = sourcecode.c.h; path = BRCommitsViewController.h; sourceTree = "<group>"; };
		9BEA42E317C48CC7009AD0B2 /* BRCommitsViewController.m */ = {isa = PBXFileReference; fileEncoding = 4; lastKnownFileType = sourcecode.c.objc; path = BRCommitsViewController.m; sourceTree = "<group>"; };
		9BF70C4B17C4A042009EEB09 /* BRGHBranch.h */ = {isa = PBXFileReference; fileEncoding = 4; lastKnownFileType = sourcecode.c.h; path = BRGHBranch.h; sourceTree = "<group>"; };
		9BF70C4C17C4A042009EEB09 /* BRGHBranch.m */ = {isa = PBXFileReference; fileEncoding = 4; lastKnownFileType = sourcecode.c.objc; path = BRGHBranch.m; sourceTree = "<group>"; };
		9BF70C5317C4A043009EEB09 /* BRGHLogin.h */ = {isa = PBXFileReference; fileEncoding = 4; lastKnownFileType = sourcecode.c.h; path = BRGHLogin.h; sourceTree = "<group>"; };
		9BF70C5417C4A043009EEB09 /* BRGHLogin.m */ = {isa = PBXFileReference; fileEncoding = 4; lastKnownFileType = sourcecode.c.objc; path = BRGHLogin.m; sourceTree = "<group>"; };
		9BF70C5717C4A043009EEB09 /* BRGHOrganization.h */ = {isa = PBXFileReference; fileEncoding = 4; lastKnownFileType = sourcecode.c.h; path = BRGHOrganization.h; sourceTree = "<group>"; };
		9BF70C5817C4A043009EEB09 /* BRGHOrganization.m */ = {isa = PBXFileReference; fileEncoding = 4; lastKnownFileType = sourcecode.c.objc; path = BRGHOrganization.m; sourceTree = "<group>"; };
		9BF70C5B17C4A043009EEB09 /* BRGHRepository.h */ = {isa = PBXFileReference; fileEncoding = 4; lastKnownFileType = sourcecode.c.h; path = BRGHRepository.h; sourceTree = "<group>"; };
		9BF70C5C17C4A043009EEB09 /* BRGHRepository.m */ = {isa = PBXFileReference; fileEncoding = 4; lastKnownFileType = sourcecode.c.objc; path = BRGHRepository.m; sourceTree = "<group>"; };
/* End PBXFileReference section */

/* Begin PBXFrameworksBuildPhase section */
		9B1F6A5F17C0560100813AF5 /* Frameworks */ = {
			isa = PBXFrameworksBuildPhase;
			buildActionMask = 2147483647;
			files = (
				9B1F6B4D17C0A7C000813AF5 /* CoreData.framework in Frameworks */,
				9B1F6A6817C0560100813AF5 /* CoreGraphics.framework in Frameworks */,
				9B1F6A6A17C0560100813AF5 /* UIKit.framework in Frameworks */,
				9B1F6A6617C0560100813AF5 /* Foundation.framework in Frameworks */,
			);
			runOnlyForDeploymentPostprocessing = 0;
		};
		9B1F6A8017C0560100813AF5 /* Frameworks */ = {
			isa = PBXFrameworksBuildPhase;
			buildActionMask = 2147483647;
			files = (
				9B1F6A8517C0560100813AF5 /* XCTest.framework in Frameworks */,
				9B1F6A8717C0560100813AF5 /* UIKit.framework in Frameworks */,
				9B1F6A8617C0560100813AF5 /* Foundation.framework in Frameworks */,
			);
			runOnlyForDeploymentPostprocessing = 0;
		};
/* End PBXFrameworksBuildPhase section */

/* Begin PBXGroup section */
		9B1F6A5917C0560000813AF5 = {
			isa = PBXGroup;
			children = (
				9B1F6A6B17C0560100813AF5 /* GitHubReader */,
				9B1F6A8A17C0560100813AF5 /* GitHubReaderTests */,
				9B1F6A6417C0560100813AF5 /* Frameworks */,
				9B1F6A6317C0560100813AF5 /* Products */,
				9B1F6A9A17C058AB00813AF5 /* Third Party */,
			);
			sourceTree = "<group>";
		};
		9B1F6A6317C0560100813AF5 /* Products */ = {
			isa = PBXGroup;
			children = (
				9B1F6A6217C0560100813AF5 /* GitHubReader.app */,
				9B1F6A8317C0560100813AF5 /* GitHubReaderTests.xctest */,
			);
			name = Products;
			sourceTree = "<group>";
		};
		9B1F6A6417C0560100813AF5 /* Frameworks */ = {
			isa = PBXGroup;
			children = (
				9B1F6B4C17C0A7C000813AF5 /* CoreData.framework */,
				9B1F6A6517C0560100813AF5 /* Foundation.framework */,
				9B1F6A6717C0560100813AF5 /* CoreGraphics.framework */,
				9B1F6A6917C0560100813AF5 /* UIKit.framework */,
				9B1F6A8417C0560100813AF5 /* XCTest.framework */,
			);
			name = Frameworks;
			sourceTree = "<group>";
		};
		9B1F6A6B17C0560100813AF5 /* GitHubReader */ = {
			isa = PBXGroup;
			children = (
				9B1F6A7417C0560100813AF5 /* BRAppDelegate.h */,
				9B1F6A7517C0560100813AF5 /* BRAppDelegate.m */,
				9B1F6A7717C0560100813AF5 /* Main.storyboard */,
				9B1F6A7D17C0560100813AF5 /* Images.xcassets */,
				9B1F6A6C17C0560100813AF5 /* Supporting Files */,
				9B1F6AC317C06BEF00813AF5 /* Category */,
				9B1F6AD017C0783500813AF5 /* Class */,
				9B1F6ADF17C09C9900813AF5 /* View Controllers */,
				9B1F6ADE17C09C7700813AF5 /* Model */,
				9B1F6AE017C09CB100813AF5 /* Service */,
			);
			path = GitHubReader;
			sourceTree = "<group>";
		};
		9B1F6A6C17C0560100813AF5 /* Supporting Files */ = {
			isa = PBXGroup;
			children = (
				9B1F6A6D17C0560100813AF5 /* GitHubReader-Info.plist */,
				9B1F6A6E17C0560100813AF5 /* InfoPlist.strings */,
				9B1F6A7117C0560100813AF5 /* main.m */,
				9B1F6A7317C0560100813AF5 /* GitHubReader-Prefix.pch */,
			);
			name = "Supporting Files";
			sourceTree = "<group>";
		};
		9B1F6A8A17C0560100813AF5 /* GitHubReaderTests */ = {
			isa = PBXGroup;
			children = (
				9B1F6A9017C0560100813AF5 /* GitHubReaderTests.m */,
				9B1F6A8B17C0560100813AF5 /* Supporting Files */,
			);
			path = GitHubReaderTests;
			sourceTree = "<group>";
		};
		9B1F6A8B17C0560100813AF5 /* Supporting Files */ = {
			isa = PBXGroup;
			children = (
				9B1F6A8C17C0560100813AF5 /* GitHubReaderTests-Info.plist */,
				9B1F6A8D17C0560100813AF5 /* InfoPlist.strings */,
			);
			name = "Supporting Files";
			sourceTree = "<group>";
		};
		9B1F6A9A17C058AB00813AF5 /* Third Party */ = {
			isa = PBXGroup;
			children = (
				9B1F6A9B17C058AB00813AF5 /* fishhook */,
			);
			path = "Third Party";
			sourceTree = "<group>";
		};
		9B1F6A9B17C058AB00813AF5 /* fishhook */ = {
			isa = PBXGroup;
			children = (
				9B1F6A9C17C058AB00813AF5 /* fishhook.c */,
				9B1F6A9D17C058AB00813AF5 /* fishhook.h */,
				9B1F6A9E17C058AB00813AF5 /* LICENSE */,
				9B1F6A9F17C058AB00813AF5 /* QuietAssertMacros.c */,
				9B1F6AA017C058AB00813AF5 /* README.md */,
			);
			path = fishhook;
			sourceTree = "<group>";
		};
		9B1F6AC317C06BEF00813AF5 /* Category */ = {
			isa = PBXGroup;
			children = (
				9BEA42D617C47E62009AD0B2 /* NSDictionary+join.h */,
				9BEA42D717C47E62009AD0B2 /* NSDictionary+join.m */,
				9B1F6B7617C0B12D00813AF5 /* NSDictionary+valueOrDefault.h */,
				9B1F6B7717C0B12D00813AF5 /* NSDictionary+valueOrDefault.m */,
				9B1F6AC417C06C0A00813AF5 /* NSData+Base64.h */,
				9B1F6AC517C06C0A00813AF5 /* NSData+Base64.m */,
				9B1F6AD917C0918600813AF5 /* UIColor+Helpers.h */,
				9B1F6ADA17C0918600813AF5 /* UIColor+Helpers.m */,
				9B6B92A017C73D5400FFEEEB /* UITableViewCell+activity.h */,
				9B6B92A117C73D5400FFEEEB /* UITableViewCell+activity.m */,
			);
			name = Category;
			sourceTree = "<group>";
		};
		9B1F6AD017C0783500813AF5 /* Class */ = {
			isa = PBXGroup;
			children = (
				9B1F6BA617C1E12200813AF5 /* BRLogin.h */,
				9B1F6BA717C1E12200813AF5 /* BRLogin.m */,
				9BC8503D17C3C8A300AE502D /* BRBasicFetchedResultControllerDelegate.h */,
				9BC8503E17C3C8A300AE502D /* BRBasicFetchedResultControllerDelegate.m */,
			);
			name = Class;
			sourceTree = "<group>";
		};
		9B1F6ADE17C09C7700813AF5 /* Model */ = {
			isa = PBXGroup;
			children = (
				9B1F6B4B17C0A70C00813AF5 /* BRModel.h */,
				9B1F6B4717C0A6F800813AF5 /* BRModelManager.h */,
				9B1F6B4817C0A6F800813AF5 /* BRModelManager.m */,
				9B1F6AE117C09CEE00813AF5 /* GitHubReader.xcdatamodeld */,
				9BF70C4B17C4A042009EEB09 /* BRGHBranch.h */,
				9BF70C4C17C4A042009EEB09 /* BRGHBranch.m */,
				9BF70C5317C4A043009EEB09 /* BRGHLogin.h */,
				9BF70C5417C4A043009EEB09 /* BRGHLogin.m */,
				9BF70C5717C4A043009EEB09 /* BRGHOrganization.h */,
				9BF70C5817C4A043009EEB09 /* BRGHOrganization.m */,
				9BF70C5B17C4A043009EEB09 /* BRGHRepository.h */,
				9BF70C5C17C4A043009EEB09 /* BRGHRepository.m */,
				9B13854017C5BEB4003CB45E /* BRGHCommit.h */,
				9B13854117C5BEB4003CB45E /* BRGHCommit.m */,
				9B13854417C5BEB5003CB45E /* BRGHUser.h */,
				9B13854517C5BEB5003CB45E /* BRGHUser.m */,
			);
			name = Model;
			sourceTree = "<group>";
		};
		9B1F6ADF17C09C9900813AF5 /* View Controllers */ = {
			isa = PBXGroup;
			children = (
				9B1F6AAA17C0632400813AF5 /* BRLoginViewController.h */,
				9B1F6AAB17C0632400813AF5 /* BRLoginViewController.m */,
				9B1F6B9617C1D07400813AF5 /* BROrganizationsViewController.h */,
				9B1F6B9717C1D07400813AF5 /* BROrganizationsViewController.m */,
				9BC8503317C349D500AE502D /* BRRepositoriesViewController.h */,
				9BC8503417C349D500AE502D /* BRRepositoriesViewController.m */,
				9BEA42C217C46C1D009AD0B2 /* BRBranchesViewController.h */,
				9BEA42C317C46C1D009AD0B2 /* BRBranchesViewController.m */,
				9BEA42E217C48CC7009AD0B2 /* BRCommitsViewController.h */,
				9BEA42E317C48CC7009AD0B2 /* BRCommitsViewController.m */,
			);
			name = "View Controllers";
			sourceTree = "<group>";
		};
		9B1F6AE017C09CB100813AF5 /* Service */ = {
			isa = PBXGroup;
			children = (
				9B1F6ABD17C0666B00813AF5 /* BRUserService.h */,
				9B1F6ABE17C0666B00813AF5 /* BRUserService.m */,
				9B1F6AC817C06CB200813AF5 /* BRBasicAuthenticationService.h */,
				9B1F6AC917C06CB200813AF5 /* BRBasicAuthenticationService.m */,
				9B1F6AD517C07EBE00813AF5 /* BRLoginService.h */,
				9B1F6AD617C07EBE00813AF5 /* BRLoginService.m */,
				9B1F6B9A17C1D62900813AF5 /* BROrganizationService.h */,
				9B1F6B9B17C1D62900813AF5 /* BROrganizationService.m */,
				9B1F6B9E17C1D69300813AF5 /* BRGitHubApiService.h */,
				9B1F6B9F17C1D69300813AF5 /* BRGitHubApiService.m */,
				9B1F6BA217C1DD6100813AF5 /* BRRemoteService.h */,
				9B1F6BA317C1DD6100813AF5 /* BRRemoteService.m */,
				9B40717217C3009300A7B98E /* BRGravatarService.h */,
				9B40717317C3009300A7B98E /* BRGravatarService.m */,
				9BC8503717C34ADA00AE502D /* BRRepositoriesService.h */,
				9BC8503817C34ADA00AE502D /* BRRepositoriesService.m */,
				9BEA42B617C44B9F009AD0B2 /* BRBranchService.h */,
				9BEA42B717C44B9F009AD0B2 /* BRBranchService.m */,
				9BEA42D217C47BD4009AD0B2 /* BRCommitsService.h */,
				9BEA42D317C47BD4009AD0B2 /* BRCommitsService.m */,
			);
			name = Service;
			sourceTree = "<group>";
		};
/* End PBXGroup section */

/* Begin PBXNativeTarget section */
		9B1F6A6117C0560100813AF5 /* GitHubReader */ = {
			isa = PBXNativeTarget;
			buildConfigurationList = 9B1F6A9417C0560100813AF5 /* Build configuration list for PBXNativeTarget "GitHubReader" */;
			buildPhases = (
				9B1F6A5E17C0560100813AF5 /* Sources */,
				9B1F6A5F17C0560100813AF5 /* Frameworks */,
				9B1F6A6017C0560100813AF5 /* Resources */,
			);
			buildRules = (
			);
			dependencies = (
			);
			name = GitHubReader;
			productName = GitHubReader;
			productReference = 9B1F6A6217C0560100813AF5 /* GitHubReader.app */;
			productType = "com.apple.product-type.application";
		};
		9B1F6A8217C0560100813AF5 /* GitHubReaderTests */ = {
			isa = PBXNativeTarget;
			buildConfigurationList = 9B1F6A9717C0560100813AF5 /* Build configuration list for PBXNativeTarget "GitHubReaderTests" */;
			buildPhases = (
				9B1F6A7F17C0560100813AF5 /* Sources */,
				9B1F6A8017C0560100813AF5 /* Frameworks */,
				9B1F6A8117C0560100813AF5 /* Resources */,
			);
			buildRules = (
			);
			dependencies = (
				9B1F6A8917C0560100813AF5 /* PBXTargetDependency */,
			);
			name = GitHubReaderTests;
			productName = GitHubReaderTests;
			productReference = 9B1F6A8317C0560100813AF5 /* GitHubReaderTests.xctest */;
			productType = "com.apple.product-type.bundle.unit-test";
		};
/* End PBXNativeTarget section */

/* Begin PBXProject section */
		9B1F6A5A17C0560000813AF5 /* Project object */ = {
			isa = PBXProject;
			attributes = {
				CLASSPREFIX = BR;
				LastUpgradeCheck = 0500;
				ORGANIZATIONNAME = "Daniel Norton";
				TargetAttributes = {
					9B1F6A6117C0560100813AF5 = {
						DevelopmentTeam = PLJK7LZ8WA;
					};
					9B1F6A8217C0560100813AF5 = {
						TestTargetID = 9B1F6A6117C0560100813AF5;
					};
				};
			};
			buildConfigurationList = 9B1F6A5D17C0560100813AF5 /* Build configuration list for PBXProject "GitHubReader" */;
			compatibilityVersion = "Xcode 3.2";
			developmentRegion = English;
			hasScannedForEncodings = 0;
			knownRegions = (
				en,
				Base,
			);
			mainGroup = 9B1F6A5917C0560000813AF5;
			productRefGroup = 9B1F6A6317C0560100813AF5 /* Products */;
			projectDirPath = "";
			projectRoot = "";
			targets = (
				9B1F6A6117C0560100813AF5 /* GitHubReader */,
				9B1F6A8217C0560100813AF5 /* GitHubReaderTests */,
			);
		};
/* End PBXProject section */

/* Begin PBXResourcesBuildPhase section */
		9B1F6A6017C0560100813AF5 /* Resources */ = {
			isa = PBXResourcesBuildPhase;
			buildActionMask = 2147483647;
			files = (
				9B1F6A7E17C0560100813AF5 /* Images.xcassets in Resources */,
				9B1F6A7017C0560100813AF5 /* InfoPlist.strings in Resources */,
				9B1F6AA717C058AB00813AF5 /* README.md in Resources */,
				9B1F6AA317C058AB00813AF5 /* LICENSE in Resources */,
				9B1F6A7917C0560100813AF5 /* Main.storyboard in Resources */,
			);
			runOnlyForDeploymentPostprocessing = 0;
		};
		9B1F6A8117C0560100813AF5 /* Resources */ = {
			isa = PBXResourcesBuildPhase;
			buildActionMask = 2147483647;
			files = (
				9B1F6AA817C058AB00813AF5 /* README.md in Resources */,
				9B1F6AA417C058AB00813AF5 /* LICENSE in Resources */,
				9B1F6A8F17C0560100813AF5 /* InfoPlist.strings in Resources */,
			);
			runOnlyForDeploymentPostprocessing = 0;
		};
/* End PBXResourcesBuildPhase section */

/* Begin PBXSourcesBuildPhase section */
		9B1F6A5E17C0560100813AF5 /* Sources */ = {
			isa = PBXSourcesBuildPhase;
			buildActionMask = 2147483647;
			files = (
				9BEA42D817C47E62009AD0B2 /* NSDictionary+join.m in Sources */,
				9B1F6ACA17C06CB200813AF5 /* BRBasicAuthenticationService.m in Sources */,
				9BEA42E417C48CC7009AD0B2 /* BRCommitsViewController.m in Sources */,
				9B13854217C5BEB4003CB45E /* BRGHCommit.m in Sources */,
				9B1F6BA817C1E12200813AF5 /* BRLogin.m in Sources */,
				9BEA42B817C44B9F009AD0B2 /* BRBranchService.m in Sources */,
				9B1F6ADB17C0918600813AF5 /* UIColor+Helpers.m in Sources */,
				9BC8503517C349D500AE502D /* BRRepositoriesViewController.m in Sources */,
				9B1F6BA417C1DD6100813AF5 /* BRRemoteService.m in Sources */,
				9BF70C4D17C4A042009EEB09 /* BRGHBranch.m in Sources */,
				9BC8503917C34ADA00AE502D /* BRRepositoriesService.m in Sources */,
				9B1F6B9C17C1D62900813AF5 /* BROrganizationService.m in Sources */,
				9BEA42D417C47BD4009AD0B2 /* BRCommitsService.m in Sources */,
				9BF70C5517C4A043009EEB09 /* BRGHLogin.m in Sources */,
				9BF70C5917C4A043009EEB09 /* BRGHOrganization.m in Sources */,
				9B1F6A7617C0560100813AF5 /* BRAppDelegate.m in Sources */,
				9B1F6B7817C0B12D00813AF5 /* NSDictionary+valueOrDefault.m in Sources */,
				9BEA42C417C46C1D009AD0B2 /* BRBranchesViewController.m in Sources */,
				9B1F6BA017C1D69300813AF5 /* BRGitHubApiService.m in Sources */,
				9B1F6AE317C09CEE00813AF5 /* GitHubReader.xcdatamodeld in Sources */,
				9BC8503F17C3C8A300AE502D /* BRBasicFetchedResultControllerDelegate.m in Sources */,
				9B1F6AA117C058AB00813AF5 /* fishhook.c in Sources */,
				9B6B92A217C73D5400FFEEEB /* UITableViewCell+activity.m in Sources */,
				9B1F6A7217C0560100813AF5 /* main.m in Sources */,
				9B1F6B9817C1D07400813AF5 /* BROrganizationsViewController.m in Sources */,
				9B1F6AC617C06C0A00813AF5 /* NSData+Base64.m in Sources */,
				9B1F6AAC17C0632400813AF5 /* BRLoginViewController.m in Sources */,
				9BF70C5D17C4A043009EEB09 /* BRGHRepository.m in Sources */,
				9B40717417C3009300A7B98E /* BRGravatarService.m in Sources */,
				9B13854617C5BEB5003CB45E /* BRGHUser.m in Sources */,
				9B1F6AC117C0666B00813AF5 /* BRUserService.m in Sources */,
				9B1F6B4917C0A6F900813AF5 /* BRModelManager.m in Sources */,
				9B1F6AD717C07EBE00813AF5 /* BRLoginService.m in Sources */,
				9B1F6AA517C058AB00813AF5 /* QuietAssertMacros.c in Sources */,
			);
			runOnlyForDeploymentPostprocessing = 0;
		};
		9B1F6A7F17C0560100813AF5 /* Sources */ = {
			isa = PBXSourcesBuildPhase;
			buildActionMask = 2147483647;
			files = (
				9B1F6ACB17C06CB200813AF5 /* BRBasicAuthenticationService.m in Sources */,
				9B1F6BA117C1D69300813AF5 /* BRGitHubApiService.m in Sources */,
				9BF70C5617C4A043009EEB09 /* BRGHLogin.m in Sources */,
				9BEA42D517C47BD4009AD0B2 /* BRCommitsService.m in Sources */,
				9BEA42E517C48CC7009AD0B2 /* BRCommitsViewController.m in Sources */,
				9BF70C5A17C4A043009EEB09 /* BRGHOrganization.m in Sources */,
				9B40717517C3009300A7B98E /* BRGravatarService.m in Sources */,
				9B1F6AD817C07EBE00813AF5 /* BRLoginService.m in Sources */,
				9B1F6B4A17C0A6F900813AF5 /* BRModelManager.m in Sources */,
				9B1F6B9917C1D07400813AF5 /* BROrganizationsViewController.m in Sources */,
				9B1F6BA917C1E12200813AF5 /* BRLogin.m in Sources */,
				9B1F6AA217C058AB00813AF5 /* fishhook.c in Sources */,
				9B1F6BA517C1DD6100813AF5 /* BRRemoteService.m in Sources */,
				9BF70C5E17C4A043009EEB09 /* BRGHRepository.m in Sources */,
				9B1F6A9117C0560100813AF5 /* GitHubReaderTests.m in Sources */,
				9BEA42B917C44B9F009AD0B2 /* BRBranchService.m in Sources */,
				9BC8504017C3C8A300AE502D /* BRBasicFetchedResultControllerDelegate.m in Sources */,
				9B1F6ADC17C0918600813AF5 /* UIColor+Helpers.m in Sources */,
				9B1F6AE417C09CEE00813AF5 /* GitHubReader.xcdatamodeld in Sources */,
				9B1F6AAD17C0632400813AF5 /* BRLoginViewController.m in Sources */,
				9BEA42C517C46C1D009AD0B2 /* BRBranchesViewController.m in Sources */,
				9BC8503617C349D500AE502D /* BRRepositoriesViewController.m in Sources */,
				9BF70C4E17C4A042009EEB09 /* BRGHBranch.m in Sources */,
				9BEA42D917C47E62009AD0B2 /* NSDictionary+join.m in Sources */,
				9B1F6B9D17C1D62900813AF5 /* BROrganizationService.m in Sources */,
				9B1F6AC217C0666B00813AF5 /* BRUserService.m in Sources */,
				9BC8503A17C34ADA00AE502D /* BRRepositoriesService.m in Sources */,
				9B1F6AA617C058AB00813AF5 /* QuietAssertMacros.c in Sources */,
				9B1F6AC717C06C0A00813AF5 /* NSData+Base64.m in Sources */,
				9B13854717C5BEB5003CB45E /* BRGHUser.m in Sources */,
				9B1F6B7917C0B12D00813AF5 /* NSDictionary+valueOrDefault.m in Sources */,
				9B13854317C5BEB4003CB45E /* BRGHCommit.m in Sources */,
				9B6B92A317C73D5400FFEEEB /* UITableViewCell+activity.m in Sources */,
			);
			runOnlyForDeploymentPostprocessing = 0;
		};
/* End PBXSourcesBuildPhase section */

/* Begin PBXTargetDependency section */
		9B1F6A8917C0560100813AF5 /* PBXTargetDependency */ = {
			isa = PBXTargetDependency;
			target = 9B1F6A6117C0560100813AF5 /* GitHubReader */;
			targetProxy = 9B1F6A8817C0560100813AF5 /* PBXContainerItemProxy */;
		};
/* End PBXTargetDependency section */

/* Begin PBXVariantGroup section */
		9B1F6A6E17C0560100813AF5 /* InfoPlist.strings */ = {
			isa = PBXVariantGroup;
			children = (
				9B1F6A6F17C0560100813AF5 /* en */,
			);
			name = InfoPlist.strings;
			sourceTree = "<group>";
		};
		9B1F6A7717C0560100813AF5 /* Main.storyboard */ = {
			isa = PBXVariantGroup;
			children = (
				9B1F6A7817C0560100813AF5 /* Base */,
			);
			name = Main.storyboard;
			sourceTree = "<group>";
		};
		9B1F6A8D17C0560100813AF5 /* InfoPlist.strings */ = {
			isa = PBXVariantGroup;
			children = (
				9B1F6A8E17C0560100813AF5 /* en */,
			);
			name = InfoPlist.strings;
			sourceTree = "<group>";
		};
/* End PBXVariantGroup section */

/* Begin XCBuildConfiguration section */
		9B1F6A9217C0560100813AF5 /* Debug */ = {
			isa = XCBuildConfiguration;
			buildSettings = {
				ALWAYS_SEARCH_USER_PATHS = NO;
				CLANG_CXX_LANGUAGE_STANDARD = "gnu++0x";
				CLANG_CXX_LIBRARY = "libc++";
				CLANG_ENABLE_MODULES = YES;
				CLANG_ENABLE_OBJC_ARC = YES;
				CLANG_WARN_BOOL_CONVERSION = YES;
				CLANG_WARN_CONSTANT_CONVERSION = YES;
				CLANG_WARN_DIRECT_OBJC_ISA_USAGE = YES_ERROR;
				CLANG_WARN_EMPTY_BODY = YES;
				CLANG_WARN_ENUM_CONVERSION = YES;
				CLANG_WARN_INT_CONVERSION = YES;
				CLANG_WARN_OBJC_ROOT_CLASS = YES_ERROR;
				CLANG_WARN__DUPLICATE_METHOD_MATCH = YES;
				"CODE_SIGN_IDENTITY[sdk=iphoneos*]" = "iPhone Developer";
				COPY_PHASE_STRIP = NO;
				GCC_C_LANGUAGE_STANDARD = gnu99;
				GCC_DYNAMIC_NO_PIC = NO;
				GCC_OPTIMIZATION_LEVEL = 0;
				GCC_PREPROCESSOR_DEFINITIONS = (
					"DEBUG=1",
					"$(inherited)",
				);
				GCC_SYMBOLS_PRIVATE_EXTERN = NO;
				GCC_WARN_ABOUT_RETURN_TYPE = YES_ERROR;
				GCC_WARN_UNDECLARED_SELECTOR = YES;
				GCC_WARN_UNINITIALIZED_AUTOS = YES;
				GCC_WARN_UNUSED_FUNCTION = YES;
				GCC_WARN_UNUSED_VARIABLE = YES;
				IPHONEOS_DEPLOYMENT_TARGET = 7.0;
				ONLY_ACTIVE_ARCH = YES;
				SDKROOT = iphoneos;
			};
			name = Debug;
		};
		9B1F6A9317C0560100813AF5 /* Release */ = {
			isa = XCBuildConfiguration;
			buildSettings = {
				ALWAYS_SEARCH_USER_PATHS = NO;
				CLANG_CXX_LANGUAGE_STANDARD = "gnu++0x";
				CLANG_CXX_LIBRARY = "libc++";
				CLANG_ENABLE_MODULES = YES;
				CLANG_ENABLE_OBJC_ARC = YES;
				CLANG_WARN_BOOL_CONVERSION = YES;
				CLANG_WARN_CONSTANT_CONVERSION = YES;
				CLANG_WARN_DIRECT_OBJC_ISA_USAGE = YES_ERROR;
				CLANG_WARN_EMPTY_BODY = YES;
				CLANG_WARN_ENUM_CONVERSION = YES;
				CLANG_WARN_INT_CONVERSION = YES;
				CLANG_WARN_OBJC_ROOT_CLASS = YES_ERROR;
				CLANG_WARN__DUPLICATE_METHOD_MATCH = YES;
				"CODE_SIGN_IDENTITY[sdk=iphoneos*]" = "iPhone Developer";
				COPY_PHASE_STRIP = YES;
				ENABLE_NS_ASSERTIONS = NO;
				GCC_C_LANGUAGE_STANDARD = gnu99;
				GCC_WARN_ABOUT_RETURN_TYPE = YES_ERROR;
				GCC_WARN_UNDECLARED_SELECTOR = YES;
				GCC_WARN_UNINITIALIZED_AUTOS = YES;
				GCC_WARN_UNUSED_FUNCTION = YES;
				GCC_WARN_UNUSED_VARIABLE = YES;
				IPHONEOS_DEPLOYMENT_TARGET = 7.0;
				SDKROOT = iphoneos;
				VALIDATE_PRODUCT = YES;
			};
			name = Release;
		};
		9B1F6A9517C0560100813AF5 /* Debug */ = {
			isa = XCBuildConfiguration;
			buildSettings = {
				ASSETCATALOG_COMPILER_APPICON_NAME = AppIcon;
				ASSETCATALOG_COMPILER_LAUNCHIMAGE_NAME = LaunchImage;
				CODE_SIGN_IDENTITY = "iPhone Developer";
				GCC_PRECOMPILE_PREFIX_HEADER = YES;
				GCC_PREFIX_HEADER = "GitHubReader/GitHubReader-Prefix.pch";
				INFOPLIST_FILE = "GitHubReader/GitHubReader-Info.plist";
				PRODUCT_NAME = "$(TARGET_NAME)";
				WRAPPER_EXTENSION = app;
			};
			name = Debug;
		};
		9B1F6A9617C0560100813AF5 /* Release */ = {
			isa = XCBuildConfiguration;
			buildSettings = {
				ASSETCATALOG_COMPILER_APPICON_NAME = AppIcon;
				ASSETCATALOG_COMPILER_LAUNCHIMAGE_NAME = LaunchImage;
				CODE_SIGN_IDENTITY = "iPhone Developer";
				GCC_PRECOMPILE_PREFIX_HEADER = YES;
				GCC_PREFIX_HEADER = "GitHubReader/GitHubReader-Prefix.pch";
				INFOPLIST_FILE = "GitHubReader/GitHubReader-Info.plist";
				PRODUCT_NAME = "$(TARGET_NAME)";
				WRAPPER_EXTENSION = app;
			};
			name = Release;
		};
		9B1F6A9817C0560100813AF5 /* Debug */ = {
			isa = XCBuildConfiguration;
			buildSettings = {
				BUNDLE_LOADER = "$(BUILT_PRODUCTS_DIR)/GitHubReader.app/GitHubReader";
				FRAMEWORK_SEARCH_PATHS = (
					"$(SDKROOT)/Developer/Library/Frameworks",
					"$(inherited)",
					"$(DEVELOPER_FRAMEWORKS_DIR)",
				);
				GCC_PRECOMPILE_PREFIX_HEADER = YES;
				GCC_PREFIX_HEADER = "GitHubReader/GitHubReader-Prefix.pch";
				GCC_PREPROCESSOR_DEFINITIONS = (
					"DEBUG=1",
					"$(inherited)",
				);
				INFOPLIST_FILE = "GitHubReaderTests/GitHubReaderTests-Info.plist";
				PRODUCT_NAME = "$(TARGET_NAME)";
				TEST_HOST = "$(BUNDLE_LOADER)";
				WRAPPER_EXTENSION = xctest;
			};
			name = Debug;
		};
		9B1F6A9917C0560100813AF5 /* Release */ = {
			isa = XCBuildConfiguration;
			buildSettings = {
				BUNDLE_LOADER = "$(BUILT_PRODUCTS_DIR)/GitHubReader.app/GitHubReader";
				FRAMEWORK_SEARCH_PATHS = (
					"$(SDKROOT)/Developer/Library/Frameworks",
					"$(inherited)",
					"$(DEVELOPER_FRAMEWORKS_DIR)",
				);
				GCC_PRECOMPILE_PREFIX_HEADER = YES;
				GCC_PREFIX_HEADER = "GitHubReader/GitHubReader-Prefix.pch";
				INFOPLIST_FILE = "GitHubReaderTests/GitHubReaderTests-Info.plist";
				PRODUCT_NAME = "$(TARGET_NAME)";
				TEST_HOST = "$(BUNDLE_LOADER)";
				WRAPPER_EXTENSION = xctest;
			};
			name = Release;
		};
/* End XCBuildConfiguration section */

/* Begin XCConfigurationList section */
		9B1F6A5D17C0560100813AF5 /* Build configuration list for PBXProject "GitHubReader" */ = {
			isa = XCConfigurationList;
			buildConfigurations = (
				9B1F6A9217C0560100813AF5 /* Debug */,
				9B1F6A9317C0560100813AF5 /* Release */,
			);
			defaultConfigurationIsVisible = 0;
			defaultConfigurationName = Release;
		};
		9B1F6A9417C0560100813AF5 /* Build configuration list for PBXNativeTarget "GitHubReader" */ = {
			isa = XCConfigurationList;
			buildConfigurations = (
				9B1F6A9517C0560100813AF5 /* Debug */,
				9B1F6A9617C0560100813AF5 /* Release */,
			);
			defaultConfigurationIsVisible = 0;
			defaultConfigurationName = Release;
		};
		9B1F6A9717C0560100813AF5 /* Build configuration list for PBXNativeTarget "GitHubReaderTests" */ = {
			isa = XCConfigurationList;
			buildConfigurations = (
				9B1F6A9817C0560100813AF5 /* Debug */,
				9B1F6A9917C0560100813AF5 /* Release */,
			);
			defaultConfigurationIsVisible = 0;
			defaultConfigurationName = Release;
		};
/* End XCConfigurationList section */

/* Begin XCVersionGroup section */
		9B1F6AE117C09CEE00813AF5 /* GitHubReader.xcdatamodeld */ = {
			isa = XCVersionGroup;
			children = (
				9B1F6AE217C09CEE00813AF5 /* GitHubReader.xcdatamodel */,
			);
			currentVersion = 9B1F6AE217C09CEE00813AF5 /* GitHubReader.xcdatamodel */;
			path = GitHubReader.xcdatamodeld;
			sourceTree = "<group>";
			versionGroupType = wrapper.xcdatamodel;
		};
/* End XCVersionGroup section */
	};
	rootObject = 9B1F6A5A17C0560000813AF5 /* Project object */;
}
